
Microsoft Visual Studio Solution File, Format Version 12.00
Project("{FAE04EC0-301F-11D3-BF4B-00C04F79EFBC}") = "próbne kolokwium", "próbne kolokwium.csproj", "{D7F88AA9-C922-482C-A688-A933F2308DA0}"
EndProject
Global
	GlobalSection(SolutionConfigurationPlatforms) = preSolution
		Debug|Any CPU = Debug|Any CPU
		Release|Any CPU = Release|Any CPU
	EndGlobalSection
	GlobalSection(ProjectConfigurationPlatforms) = postSolution
		{D7F88AA9-C922-482C-A688-A933F2308DA0}.Debug|Any CPU.ActiveCfg = Debug|Any CPU
		{D7F88AA9-C922-482C-A688-A933F2308DA0}.Debug|Any CPU.Build.0 = Debug|Any CPU
		{D7F88AA9-C922-482C-A688-A933F2308DA0}.Release|Any CPU.ActiveCfg = Release|Any CPU
		{D7F88AA9-C922-482C-A688-A933F2308DA0}.Release|Any CPU.Build.0 = Release|Any CPU
	EndGlobalSection
EndGlobal
